# This file is automatically @generated by Cargo.
# It is not intended for manual editing.
version = 4

[[package]]
name = "apex-cli"
version = "0.1.0"
dependencies = [
 "apex-core",
 "apexd",
]

[[package]]
name = "apex-core"
version = "0.1.0"

[[package]]
name = "apex-git"
version = "0.1.0"

[[package]]
name = "apex-graph"
version = "0.1.0"
dependencies = [
 "apex-core",
]

[[package]]
name = "apex-layout"
version = "0.1.0"
dependencies = [
 "apex-core",
]

[[package]]
name = "apex-parser"
version = "0.1.0"
dependencies = [
 "apex-core",
]

[[package]]
name = "apex-plugin"
version = "0.1.0"

[[package]]
name = "apex-rules"
version = "0.1.0"
dependencies = [
 "apex-core",
]

[[package]]
name = "apexd"
version = "0.1.0"
dependencies = [
 "apex-core",
]
